PODS:
  - flutter_vodozemac (0.0.1):
    - FlutterMacOS
  - FlutterMacOS (1.0.0)
  - irondash_engine_context (0.0.1):
    - FlutterMacOS
  - local_notifier (0.1.0):
    - FlutterMacOS
  - media_kit_libs_macos_video (1.0.4):
    - FlutterMacOS
  - media_kit_video (0.0.1):
    - FlutterMacOS
  - open_folder (0.0.1):
    - FlutterMacOS
  - SQLCipher (4.10.0):
    - SQLCipher/standard (= 4.10.0)
  - SQLCipher/common (4.10.0)
  - SQLCipher/standard (4.10.0):
    - SQLCipher/common
  - sqlcipher_flutter_libs (0.0.1):
    - FlutterMacOS
    - SQLCipher (~> 4.10.0)
  - super_native_extensions (0.0.1):
    - FlutterMacOS
  - video_compress (0.3.0):
    - FlutterMacOS

DEPENDENCIES:
  - flutter_vodozemac (from `Flutter/ephemeral/.symlinks/plugins/flutter_vodozemac/macos`)
  - FlutterMacOS (from `Flutter/ephemeral`)
  - irondash_engine_context (from `Flutter/ephemeral/.symlinks/plugins/irondash_engine_context/macos`)
  - local_notifier (from `Flutter/ephemeral/.symlinks/plugins/local_notifier/macos`)
  - media_kit_libs_macos_video (from `Flutter/ephemeral/.symlinks/plugins/media_kit_libs_macos_video/macos`)
  - media_kit_video (from `Flutter/ephemeral/.symlinks/plugins/media_kit_video/macos`)
  - open_folder (from `Flutter/ephemeral/.symlinks/plugins/open_folder/macos`)
  - sqlcipher_flutter_libs (from `Flutter/ephemeral/.symlinks/plugins/sqlcipher_flutter_libs/macos`)
  - super_native_extensions (from `Flutter/ephemeral/.symlinks/plugins/super_native_extensions/macos`)
  - video_compress (from `Flutter/ephemeral/.symlinks/plugins/video_compress/macos`)

SPEC REPOS:
  trunk:
    - SQLCipher

EXTERNAL SOURCES:
  flutter_vodozemac:
    :path: Flutter/ephemeral/.symlinks/plugins/flutter_vodozemac/macos
  FlutterMacOS:
    :path: Flutter/ephemeral
  irondash_engine_context:
    :path: Flutter/ephemeral/.symlinks/plugins/irondash_engine_context/macos
  local_notifier:
    :path: Flutter/ephemeral/.symlinks/plugins/local_notifier/macos
  media_kit_libs_macos_video:
    :path: Flutter/ephemeral/.symlinks/plugins/media_kit_libs_macos_video/macos
  media_kit_video:
    :path: Flutter/ephemeral/.symlinks/plugins/media_kit_video/macos
  open_folder:
    :path: Flutter/ephemeral/.symlinks/plugins/open_folder/macos
  sqlcipher_flutter_libs:
    :path: Flutter/ephemeral/.symlinks/plugins/sqlcipher_flutter_libs/macos
  super_native_extensions:
    :path: Flutter/ephemeral/.symlinks/plugins/super_native_extensions/macos
  video_compress:
    :path: Flutter/ephemeral/.symlinks/plugins/video_compress/macos

SPEC CHECKSUMS:
  flutter_vodozemac: fd2ea9cb3e2a37beaac883a369811fbfe042fc53
  FlutterMacOS: d0db08ddef1a9af05a5ec4b724367152bb0500b1
  irondash_engine_context: 893c7d96d20ce361d7e996f39d360c4c2f9869ba
  local_notifier: ebf072651e35ae5e47280ad52e2707375cb2ae4e
  media_kit_libs_macos_video: 85a23e549b5f480e72cae3e5634b5514bc692f65
  media_kit_video: fa6564e3799a0a28bff39442334817088b7ca758
  open_folder: 75c2b34a70ee05482566054fa66a54dda5e3d9ac
  SQLCipher: eb79c64049cb002b4e9fcb30edb7979bf4706dfc
  sqlcipher_flutter_libs: 01ead34db27ae5e49987cae46c8a34199eb22cfe
  super_native_extensions: c2795d6d9aedf4a79fae25cb6160b71b50549189
  video_compress: 752b161da855df2492dd1a8fa899743cc8fe9534

PODFILE CHECKSUM: 4062a5d7621e35b4f677b9e411c2714a4f99d4c2

COCOAPODS: 1.16.2
